
Microsoft Visual Studio Solution File, Format Version 12.00
# Visual Studio Version 17
VisualStudioVersion = 17.11.35222.181
MinimumVisualStudioVersion = 10.0.40219.1
Project("{FAE04EC0-301F-11D3-BF4B-00C04F79EFBC}") = "OpenMate.Work", "OpenMate.Work\OpenMate.Work.csproj", "{7B2E4432-92BA-4B00-8C54-C3658D7C19DC}"
EndProject
Global
	GlobalSection(SolutionConfigurationPlatforms) = preSolution
		Debug|Any CPU = Debug|Any CPU
		Release|Any CPU = Release|Any CPU
	EndGlobalSection
	GlobalSection(ProjectConfigurationPlatforms) = postSolution
		{7B2E4432-92BA-4B00-8C54-C3658D7C19DC}.Debug|Any CPU.ActiveCfg = Debug|Any CPU
		{7B2E4432-92BA-4B00-8C54-C3658D7C19DC}.Debug|Any CPU.Build.0 = Debug|Any CPU
		{7B2E4432-92BA-4B00-8C54-C3658D7C19DC}.Release|Any CPU.ActiveCfg = Release|Any CPU
		{7B2E4432-92BA-4B00-8C54-C3658D7C19DC}.Release|Any CPU.Build.0 = Release|Any CPU
	EndGlobalSection
	GlobalSection(SolutionProperties) = preSolution
		HideSolutionNode = FALSE
	EndGlobalSection
	GlobalSection(ExtensibilityGlobals) = postSolution
		SolutionGuid = {236E7AD0-E3FF-455F-A557-E977B50D296E}
	EndGlobalSection
EndGlobal
