
Microsoft Visual Studio Solution File, Format Version 12.00
# Visual Studio Version 17
VisualStudioVersion = 17.11.35312.102
MinimumVisualStudioVersion = 10.0.40219.1
Project("{FAE04EC0-301F-11D3-BF4B-00C04F79EFBC}") = "OpenMate.API.Infrastructure", "OpenMate.API.Infrastructure\OpenMate.API.Infrastructure.csproj", "{D998E15C-36ED-40CC-AAF1-C73050FC2AEF}"
EndProject
Project("{FAE04EC0-301F-11D3-BF4B-00C04F79EFBC}") = "OpenMate.API.Domain", "OpenMate.API.Domain\OpenMate.API.Domain.csproj", "{441DD6D4-DB7C-4EA0-9583-B192C16ECFA0}"
EndProject
Project("{FAE04EC0-301F-11D3-BF4B-00C04F79EFBC}") = "OpenMate.API.ChatService", "OpenMate.API.ChatService\OpenMate.API.ChatService.csproj", "{13A37279-0187-43D8-A5EA-AF8EDCCAE7D0}"
EndProject
Project("{FAE04EC0-301F-11D3-BF4B-00C04F79EFBC}") = "OpenMate.API.BoardService", "OpenMate.API.BoardService\OpenMate.API.BoardService.csproj", "{FACBD62D-D236-4D29-912F-32C29E7FA3F1}"
EndProject
Project("{FAE04EC0-301F-11D3-BF4B-00C04F79EFBC}") = "OpenMate.API.CalendarService", "OpenMate.API.CalendarService\OpenMate.API.CalendarService.csproj", "{65C18F2F-ADBF-4240-8D17-D5A0C0C37B53}"
EndProject
Global
	GlobalSection(SolutionConfigurationPlatforms) = preSolution
		Debug|Any CPU = Debug|Any CPU
		Release|Any CPU = Release|Any CPU
	EndGlobalSection
	GlobalSection(ProjectConfigurationPlatforms) = postSolution
		{D998E15C-36ED-40CC-AAF1-C73050FC2AEF}.Debug|Any CPU.ActiveCfg = Debug|Any CPU
		{D998E15C-36ED-40CC-AAF1-C73050FC2AEF}.Debug|Any CPU.Build.0 = Debug|Any CPU
		{D998E15C-36ED-40CC-AAF1-C73050FC2AEF}.Release|Any CPU.ActiveCfg = Release|Any CPU
		{D998E15C-36ED-40CC-AAF1-C73050FC2AEF}.Release|Any CPU.Build.0 = Release|Any CPU
		{441DD6D4-DB7C-4EA0-9583-B192C16ECFA0}.Debug|Any CPU.ActiveCfg = Debug|Any CPU
		{441DD6D4-DB7C-4EA0-9583-B192C16ECFA0}.Debug|Any CPU.Build.0 = Debug|Any CPU
		{441DD6D4-DB7C-4EA0-9583-B192C16ECFA0}.Release|Any CPU.ActiveCfg = Release|Any CPU
		{441DD6D4-DB7C-4EA0-9583-B192C16ECFA0}.Release|Any CPU.Build.0 = Release|Any CPU
		{13A37279-0187-43D8-A5EA-AF8EDCCAE7D0}.Debug|Any CPU.ActiveCfg = Debug|Any CPU
		{13A37279-0187-43D8-A5EA-AF8EDCCAE7D0}.Debug|Any CPU.Build.0 = Debug|Any CPU
		{13A37279-0187-43D8-A5EA-AF8EDCCAE7D0}.Release|Any CPU.ActiveCfg = Release|Any CPU
		{13A37279-0187-43D8-A5EA-AF8EDCCAE7D0}.Release|Any CPU.Build.0 = Release|Any CPU
		{FACBD62D-D236-4D29-912F-32C29E7FA3F1}.Debug|Any CPU.ActiveCfg = Debug|Any CPU
		{FACBD62D-D236-4D29-912F-32C29E7FA3F1}.Debug|Any CPU.Build.0 = Debug|Any CPU
		{FACBD62D-D236-4D29-912F-32C29E7FA3F1}.Release|Any CPU.ActiveCfg = Release|Any CPU
		{FACBD62D-D236-4D29-912F-32C29E7FA3F1}.Release|Any CPU.Build.0 = Release|Any CPU
		{65C18F2F-ADBF-4240-8D17-D5A0C0C37B53}.Debug|Any CPU.ActiveCfg = Debug|Any CPU
		{65C18F2F-ADBF-4240-8D17-D5A0C0C37B53}.Debug|Any CPU.Build.0 = Debug|Any CPU
		{65C18F2F-ADBF-4240-8D17-D5A0C0C37B53}.Release|Any CPU.ActiveCfg = Release|Any CPU
		{65C18F2F-ADBF-4240-8D17-D5A0C0C37B53}.Release|Any CPU.Build.0 = Release|Any CPU
	EndGlobalSection
	GlobalSection(SolutionProperties) = preSolution
		HideSolutionNode = FALSE
	EndGlobalSection
	GlobalSection(ExtensibilityGlobals) = postSolution
		SolutionGuid = {0FB365AC-58FA-4D34-847F-2B822CC279CA}
	EndGlobalSection
EndGlobal
