
Microsoft Visual Studio Solution File, Format Version 12.00
# Visual Studio Version 17
VisualStudioVersion = 17.11.35312.102
MinimumVisualStudioVersion = 10.0.40219.1
Project("{9A19103F-16F7-4668-BE54-9A1E7A4F7556}") = "OpenMate.API.ChatService", "OpenMate.API.ChatService\OpenMate.API.ChatService.csproj", "{13A37279-0187-43D8-A5EA-AF8EDCCAE7D0}"
EndProject
Project("{9A19103F-16F7-4668-BE54-9A1E7A4F7556}") = "OpenMate.API.BoardService", "OpenMate.API.BoardService\OpenMate.API.BoardService.csproj", "{FACBD62D-D236-4D29-912F-32C29E7FA3F1}"
EndProject
Project("{9A19103F-16F7-4668-BE54-9A1E7A4F7556}") = "OpenMate.API.CalendarService", "OpenMate.API.CalendarService\OpenMate.API.CalendarService.csproj", "{65C18F2F-ADBF-4240-8D17-D5A0C0C37B53}"
EndProject
Project("{9A19103F-16F7-4668-BE54-9A1E7A4F7556}") = "OpenMate.API.Infrastructure", "OpenMate.API.Infrastructure\OpenMate.API.Infrastructure.csproj", "{6B5FDFBA-DA4E-4B61-8CF9-5FF3BC2EE72B}"
EndProject
Project("{9A19103F-16F7-4668-BE54-9A1E7A4F7556}") = "OpenMate.API.Domain", "OpenMate.API.Domain\OpenMate.API.Domain.csproj", "{F29C8EE8-53CA-4B19-ABD9-A53C83E9F276}"
EndProject
Project("{9A19103F-16F7-4668-BE54-9A1E7A4F7556}") = "OpenMate.API.Gateway", "OpenMate.API.Gateway\OpenMate.API.Gateway.csproj", "{F954A36C-474C-422F-B6A8-1934D4EBA010}"
EndProject
Global
	GlobalSection(SolutionConfigurationPlatforms) = preSolution
		Debug|Any CPU = Debug|Any CPU
		Release|Any CPU = Release|Any CPU
	EndGlobalSection
	GlobalSection(ProjectConfigurationPlatforms) = postSolution
		{13A37279-0187-43D8-A5EA-AF8EDCCAE7D0}.Debug|Any CPU.ActiveCfg = Debug|Any CPU
		{13A37279-0187-43D8-A5EA-AF8EDCCAE7D0}.Debug|Any CPU.Build.0 = Debug|Any CPU
		{13A37279-0187-43D8-A5EA-AF8EDCCAE7D0}.Release|Any CPU.ActiveCfg = Release|Any CPU
		{13A37279-0187-43D8-A5EA-AF8EDCCAE7D0}.Release|Any CPU.Build.0 = Release|Any CPU
		{FACBD62D-D236-4D29-912F-32C29E7FA3F1}.Debug|Any CPU.ActiveCfg = Debug|Any CPU
		{FACBD62D-D236-4D29-912F-32C29E7FA3F1}.Debug|Any CPU.Build.0 = Debug|Any CPU
		{FACBD62D-D236-4D29-912F-32C29E7FA3F1}.Release|Any CPU.ActiveCfg = Release|Any CPU
		{FACBD62D-D236-4D29-912F-32C29E7FA3F1}.Release|Any CPU.Build.0 = Release|Any CPU
		{65C18F2F-ADBF-4240-8D17-D5A0C0C37B53}.Debug|Any CPU.ActiveCfg = Debug|Any CPU
		{65C18F2F-ADBF-4240-8D17-D5A0C0C37B53}.Debug|Any CPU.Build.0 = Debug|Any CPU
		{65C18F2F-ADBF-4240-8D17-D5A0C0C37B53}.Release|Any CPU.ActiveCfg = Release|Any CPU
		{65C18F2F-ADBF-4240-8D17-D5A0C0C37B53}.Release|Any CPU.Build.0 = Release|Any CPU
		{6B5FDFBA-DA4E-4B61-8CF9-5FF3BC2EE72B}.Debug|Any CPU.ActiveCfg = Debug|Any CPU
		{6B5FDFBA-DA4E-4B61-8CF9-5FF3BC2EE72B}.Debug|Any CPU.Build.0 = Debug|Any CPU
		{6B5FDFBA-DA4E-4B61-8CF9-5FF3BC2EE72B}.Release|Any CPU.ActiveCfg = Release|Any CPU
		{6B5FDFBA-DA4E-4B61-8CF9-5FF3BC2EE72B}.Release|Any CPU.Build.0 = Release|Any CPU
		{F29C8EE8-53CA-4B19-ABD9-A53C83E9F276}.Debug|Any CPU.ActiveCfg = Debug|Any CPU
		{F29C8EE8-53CA-4B19-ABD9-A53C83E9F276}.Debug|Any CPU.Build.0 = Debug|Any CPU
		{F29C8EE8-53CA-4B19-ABD9-A53C83E9F276}.Release|Any CPU.ActiveCfg = Release|Any CPU
		{F29C8EE8-53CA-4B19-ABD9-A53C83E9F276}.Release|Any CPU.Build.0 = Release|Any CPU
		{F954A36C-474C-422F-B6A8-1934D4EBA010}.Debug|Any CPU.ActiveCfg = Debug|Any CPU
		{F954A36C-474C-422F-B6A8-1934D4EBA010}.Debug|Any CPU.Build.0 = Debug|Any CPU
		{F954A36C-474C-422F-B6A8-1934D4EBA010}.Release|Any CPU.ActiveCfg = Release|Any CPU
		{F954A36C-474C-422F-B6A8-1934D4EBA010}.Release|Any CPU.Build.0 = Release|Any CPU
	EndGlobalSection
	GlobalSection(SolutionProperties) = preSolution
		HideSolutionNode = FALSE
	EndGlobalSection
	GlobalSection(ExtensibilityGlobals) = postSolution
		SolutionGuid = {0FB365AC-58FA-4D34-847F-2B822CC279CA}
	EndGlobalSection
EndGlobal
